
Microsoft Visual Studio Solution File, Format Version 12.00
# Visual Studio Version 17
VisualStudioVersion = 17.0.31903.59
MinimumVisualStudioVersion = 10.0.40219.1
Project("{FAE04EC0-301F-11D3-BF4B-00C04F79EFBC}") = "Api", "Api\Api.csproj", "{81BD64E4-A3C3-42D3-8617-803A7AEA723E}"
EndProject
Project("{FAE04EC0-301F-11D3-BF4B-00C04F79EFBC}") = "Reporting", "Reporting\Reporting.csproj", "{A1BA7BC6-603B-459B-96AB-B548646F0D81}"
EndProject
Global
	GlobalSection(SolutionConfigurationPlatforms) = preSolution
		Debug|Any CPU = Debug|Any CPU
		Debug|x64 = Debug|x64
		Debug|x86 = Debug|x86
		Release|Any CPU = Release|Any CPU
		Release|x64 = Release|x64
		Release|x86 = Release|x86
	EndGlobalSection
	GlobalSection(ProjectConfigurationPlatforms) = postSolution
		{81BD64E4-A3C3-42D3-8617-803A7AEA723E}.Debug|Any CPU.ActiveCfg = Debug|Any CPU
		{81BD64E4-A3C3-42D3-8617-803A7AEA723E}.Debug|Any CPU.Build.0 = Debug|Any CPU
		{81BD64E4-A3C3-42D3-8617-803A7AEA723E}.Debug|x64.ActiveCfg = Debug|Any CPU
		{81BD64E4-A3C3-42D3-8617-803A7AEA723E}.Debug|x64.Build.0 = Debug|Any CPU
		{81BD64E4-A3C3-42D3-8617-803A7AEA723E}.Debug|x86.ActiveCfg = Debug|Any CPU
		{81BD64E4-A3C3-42D3-8617-803A7AEA723E}.Debug|x86.Build.0 = Debug|Any CPU
		{81BD64E4-A3C3-42D3-8617-803A7AEA723E}.Release|Any CPU.ActiveCfg = Release|Any CPU
		{81BD64E4-A3C3-42D3-8617-803A7AEA723E}.Release|Any CPU.Build.0 = Release|Any CPU
		{81BD64E4-A3C3-42D3-8617-803A7AEA723E}.Release|x64.ActiveCfg = Release|Any CPU
		{81BD64E4-A3C3-42D3-8617-803A7AEA723E}.Release|x64.Build.0 = Release|Any CPU
		{81BD64E4-A3C3-42D3-8617-803A7AEA723E}.Release|x86.ActiveCfg = Release|Any CPU
		{81BD64E4-A3C3-42D3-8617-803A7AEA723E}.Release|x86.Build.0 = Release|Any CPU
		{A1BA7BC6-603B-459B-96AB-B548646F0D81}.Debug|Any CPU.ActiveCfg = Debug|Any CPU
		{A1BA7BC6-603B-459B-96AB-B548646F0D81}.Debug|Any CPU.Build.0 = Debug|Any CPU
		{A1BA7BC6-603B-459B-96AB-B548646F0D81}.Debug|x64.ActiveCfg = Debug|Any CPU
		{A1BA7BC6-603B-459B-96AB-B548646F0D81}.Debug|x64.Build.0 = Debug|Any CPU
		{A1BA7BC6-603B-459B-96AB-B548646F0D81}.Debug|x86.ActiveCfg = Debug|Any CPU
		{A1BA7BC6-603B-459B-96AB-B548646F0D81}.Debug|x86.Build.0 = Debug|Any CPU
		{A1BA7BC6-603B-459B-96AB-B548646F0D81}.Release|Any CPU.ActiveCfg = Release|Any CPU
		{A1BA7BC6-603B-459B-96AB-B548646F0D81}.Release|Any CPU.Build.0 = Release|Any CPU
		{A1BA7BC6-603B-459B-96AB-B548646F0D81}.Release|x64.ActiveCfg = Release|Any CPU
		{A1BA7BC6-603B-459B-96AB-B548646F0D81}.Release|x64.Build.0 = Release|Any CPU
		{A1BA7BC6-603B-459B-96AB-B548646F0D81}.Release|x86.ActiveCfg = Release|Any CPU
		{A1BA7BC6-603B-459B-96AB-B548646F0D81}.Release|x86.Build.0 = Release|Any CPU
	EndGlobalSection
	GlobalSection(SolutionProperties) = preSolution
		HideSolutionNode = FALSE
	EndGlobalSection
EndGlobal
